
Microsoft Visual Studio Solution File, Format Version 12.00
# Visual Studio 15
VisualStudioVersion = 15.0.26730.3
MinimumVisualStudioVersion = 10.0.40219.1
Project("{9A19103F-16F7-4668-BE54-9A1E7A4F7556}") = "Boxsie.Server.Console", "Boxsie.Server.Console\Boxsie.Server.Console.csproj", "{B9B3CA2B-B5E0-4CA9-B83A-BD5C17D8F312}"
EndProject
Project("{9A19103F-16F7-4668-BE54-9A1E7A4F7556}") = "Boxsie.Server", "Boxsie.Server\Boxsie.Server.csproj", "{6BB03028-C4D2-4C26-8812-B375F4767679}"
EndProject
Project("{9A19103F-16F7-4668-BE54-9A1E7A4F7556}") = "Boxsie.Unity", "Boxsie.Unity\Boxsie.Unity.csproj", "{D7FBB3FA-D01B-4121-8C44-CD32BE19DA57}"
EndProject
Project("{9A19103F-16F7-4668-BE54-9A1E7A4F7556}") = "Boxsie.Network.Core", "Boxsie.Network.Core\Boxsie.Network.Core.csproj", "{85E61F41-3EFE-4CFF-9F92-F5EE3EE9FD13}"
EndProject
Project("{9A19103F-16F7-4668-BE54-9A1E7A4F7556}") = "Boxsie.Network.Sockets", "Boxsie.Network.Sockets\Boxsie.Network.Sockets.csproj", "{DFAB9917-27D2-4F15-8DF8-4222E066B7C5}"
EndProject
Project("{9A19103F-16F7-4668-BE54-9A1E7A4F7556}") = "Boxsie.Network.Repositories", "Boxsie.Network.Repositories\Boxsie.Network.Repositories.csproj", "{521F980F-0065-4CC2-83E2-9F5AF78FC9AF}"
EndProject
Project("{9A19103F-16F7-4668-BE54-9A1E7A4F7556}") = "Boxsie.Network.Hub.Service", "Boxsie.Network.Hub.Service\Boxsie.Network.Hub.Service.csproj", "{2CA11007-97CC-4D6E-B026-F0F29B03FF0F}"
EndProject
Project("{9A19103F-16F7-4668-BE54-9A1E7A4F7556}") = "Boxsie.Core", "Boxsie.Core\Boxsie.Core.csproj", "{05DAD533-4564-4173-9055-D5CB1EE03FE9}"
EndProject
Global
	GlobalSection(SolutionConfigurationPlatforms) = preSolution
		Debug|Any CPU = Debug|Any CPU
		Release|Any CPU = Release|Any CPU
	EndGlobalSection
	GlobalSection(ProjectConfigurationPlatforms) = postSolution
		{B9B3CA2B-B5E0-4CA9-B83A-BD5C17D8F312}.Debug|Any CPU.ActiveCfg = Debug|Any CPU
		{B9B3CA2B-B5E0-4CA9-B83A-BD5C17D8F312}.Debug|Any CPU.Build.0 = Debug|Any CPU
		{B9B3CA2B-B5E0-4CA9-B83A-BD5C17D8F312}.Release|Any CPU.ActiveCfg = Release|Any CPU
		{B9B3CA2B-B5E0-4CA9-B83A-BD5C17D8F312}.Release|Any CPU.Build.0 = Release|Any CPU
		{6BB03028-C4D2-4C26-8812-B375F4767679}.Debug|Any CPU.ActiveCfg = Debug|Any CPU
		{6BB03028-C4D2-4C26-8812-B375F4767679}.Debug|Any CPU.Build.0 = Debug|Any CPU
		{6BB03028-C4D2-4C26-8812-B375F4767679}.Release|Any CPU.ActiveCfg = Release|Any CPU
		{6BB03028-C4D2-4C26-8812-B375F4767679}.Release|Any CPU.Build.0 = Release|Any CPU
		{D7FBB3FA-D01B-4121-8C44-CD32BE19DA57}.Debug|Any CPU.ActiveCfg = Debug|Any CPU
		{D7FBB3FA-D01B-4121-8C44-CD32BE19DA57}.Debug|Any CPU.Build.0 = Debug|Any CPU
		{D7FBB3FA-D01B-4121-8C44-CD32BE19DA57}.Release|Any CPU.ActiveCfg = Release|Any CPU
		{D7FBB3FA-D01B-4121-8C44-CD32BE19DA57}.Release|Any CPU.Build.0 = Release|Any CPU
		{85E61F41-3EFE-4CFF-9F92-F5EE3EE9FD13}.Debug|Any CPU.ActiveCfg = Debug|Any CPU
		{85E61F41-3EFE-4CFF-9F92-F5EE3EE9FD13}.Debug|Any CPU.Build.0 = Debug|Any CPU
		{85E61F41-3EFE-4CFF-9F92-F5EE3EE9FD13}.Release|Any CPU.ActiveCfg = Release|Any CPU
		{85E61F41-3EFE-4CFF-9F92-F5EE3EE9FD13}.Release|Any CPU.Build.0 = Release|Any CPU
		{DFAB9917-27D2-4F15-8DF8-4222E066B7C5}.Debug|Any CPU.ActiveCfg = Debug|Any CPU
		{DFAB9917-27D2-4F15-8DF8-4222E066B7C5}.Debug|Any CPU.Build.0 = Debug|Any CPU
		{DFAB9917-27D2-4F15-8DF8-4222E066B7C5}.Release|Any CPU.ActiveCfg = Release|Any CPU
		{DFAB9917-27D2-4F15-8DF8-4222E066B7C5}.Release|Any CPU.Build.0 = Release|Any CPU
		{521F980F-0065-4CC2-83E2-9F5AF78FC9AF}.Debug|Any CPU.ActiveCfg = Debug|Any CPU
		{521F980F-0065-4CC2-83E2-9F5AF78FC9AF}.Debug|Any CPU.Build.0 = Debug|Any CPU
		{521F980F-0065-4CC2-83E2-9F5AF78FC9AF}.Release|Any CPU.ActiveCfg = Release|Any CPU
		{521F980F-0065-4CC2-83E2-9F5AF78FC9AF}.Release|Any CPU.Build.0 = Release|Any CPU
		{2CA11007-97CC-4D6E-B026-F0F29B03FF0F}.Debug|Any CPU.ActiveCfg = Debug|Any CPU
		{2CA11007-97CC-4D6E-B026-F0F29B03FF0F}.Debug|Any CPU.Build.0 = Debug|Any CPU
		{2CA11007-97CC-4D6E-B026-F0F29B03FF0F}.Release|Any CPU.ActiveCfg = Release|Any CPU
		{2CA11007-97CC-4D6E-B026-F0F29B03FF0F}.Release|Any CPU.Build.0 = Release|Any CPU
		{05DAD533-4564-4173-9055-D5CB1EE03FE9}.Debug|Any CPU.ActiveCfg = Debug|Any CPU
		{05DAD533-4564-4173-9055-D5CB1EE03FE9}.Debug|Any CPU.Build.0 = Debug|Any CPU
		{05DAD533-4564-4173-9055-D5CB1EE03FE9}.Release|Any CPU.ActiveCfg = Release|Any CPU
		{05DAD533-4564-4173-9055-D5CB1EE03FE9}.Release|Any CPU.Build.0 = Release|Any CPU
	EndGlobalSection
	GlobalSection(SolutionProperties) = preSolution
		HideSolutionNode = FALSE
	EndGlobalSection
	GlobalSection(ExtensibilityGlobals) = postSolution
		SolutionGuid = {86D6587B-9877-4EE5-9FEE-F6851D908D76}
	EndGlobalSection
EndGlobal
